
Microsoft Visual Studio Solution File, Format Version 12.00
# Visual Studio Version 17
VisualStudioVersion = 17.11.35431.28
MinimumVisualStudioVersion = 10.0.40219.1
Project("{FAE04EC0-301F-11D3-BF4B-00C04F79EFBC}") = "BuildWebApp", "BuildWebApp\BuildWebApp.csproj", "{985E7F1D-E45E-4CC5-856B-6A1F5B0EC5CA}"
EndProject
Global
	GlobalSection(SolutionConfigurationPlatforms) = preSolution
		Debug|Any CPU = Debug|Any CPU
		Release|Any CPU = Release|Any CPU
	EndGlobalSection
	GlobalSection(ProjectConfigurationPlatforms) = postSolution
		{985E7F1D-E45E-4CC5-856B-6A1F5B0EC5CA}.Debug|Any CPU.ActiveCfg = Debug|Any CPU
		{985E7F1D-E45E-4CC5-856B-6A1F5B0EC5CA}.Debug|Any CPU.Build.0 = Debug|Any CPU
		{985E7F1D-E45E-4CC5-856B-6A1F5B0EC5CA}.Release|Any CPU.ActiveCfg = Release|Any CPU
		{985E7F1D-E45E-4CC5-856B-6A1F5B0EC5CA}.Release|Any CPU.Build.0 = Release|Any CPU
	EndGlobalSection
	GlobalSection(SolutionProperties) = preSolution
		HideSolutionNode = FALSE
	EndGlobalSection
	GlobalSection(ExtensibilityGlobals) = postSolution
		SolutionGuid = {AFA6029B-F0A1-49F6-9D29-F55E061BC73B}
	EndGlobalSection
EndGlobal
